// !$*UTF8*$!
{
	archiveVersion = 1;
	classes = {
	};
	objectVersion = 56;
	objects = {

/* Begin PBXBuildFile section */
		6347C56B2ACC327F00F0EE01 /* EvidenceDependencies in Frameworks */ = {isa = PBXBuildFile; productRef = 6347C56A2ACC327F00F0EE01 /* EvidenceDependencies */; };
		6395EDBE2AC39197000EB04A /* EvidenceApp.swift in Sources */ = {isa = PBXBuildFile; fileRef = 6395EDBD2AC39197000EB04A /* EvidenceApp.swift */; };
		6395EDC02AC39197000EB04A /* ContentView.swift in Sources */ = {isa = PBXBuildFile; fileRef = 6395EDBF2AC39197000EB04A /* ContentView.swift */; };
		6395EDC22AC39198000EB04A /* Assets.xcassets in Resources */ = {isa = PBXBuildFile; fileRef = 6395EDC12AC39198000EB04A /* Assets.xcassets */; };
		6395EDC52AC39198000EB04A /* Preview Assets.xcassets in Resources */ = {isa = PBXBuildFile; fileRef = 6395EDC42AC39198000EB04A /* Preview Assets.xcassets */; };
		6395EDCF2AC39198000EB04A /* EvidenceTests.swift in Sources */ = {isa = PBXBuildFile; fileRef = 6395EDCE2AC39198000EB04A /* EvidenceTests.swift */; };
		6395EDD92AC39198000EB04A /* EvidenceUITests.swift in Sources */ = {isa = PBXBuildFile; fileRef = 6395EDD82AC39198000EB04A /* EvidenceUITests.swift */; };
		6395EDDB2AC39198000EB04A /* EvidenceUITestsLaunchTests.swift in Sources */ = {isa = PBXBuildFile; fileRef = 6395EDDA2AC39198000EB04A /* EvidenceUITestsLaunchTests.swift */; };
/* End PBXBuildFile section */

/* Begin PBXContainerItemProxy section */
		6395EDCB2AC39198000EB04A /* PBXContainerItemProxy */ = {
			isa = PBXContainerItemProxy;
			containerPortal = 6395EDB22AC39197000EB04A /* Project object */;
			proxyType = 1;
			remoteGlobalIDString = 6395EDB92AC39197000EB04A;
			remoteInfo = Evidence;
		};
		6395EDD52AC39198000EB04A /* PBXContainerItemProxy */ = {
			isa = PBXContainerItemProxy;
			containerPortal = 6395EDB22AC39197000EB04A /* Project object */;
			proxyType = 1;
			remoteGlobalIDString = 6395EDB92AC39197000EB04A;
			remoteInfo = Evidence;
		};
/* End PBXContainerItemProxy section */

/* Begin PBXFileReference section */
		6395EDBA2AC39197000EB04A /* Evidence.app */ = {isa = PBXFileReference; explicitFileType = wrapper.application; includeInIndex = 0; path = Evidence.app; sourceTree = BUILT_PRODUCTS_DIR; };
		6395EDBD2AC39197000EB04A /* EvidenceApp.swift */ = {isa = PBXFileReference; lastKnownFileType = sourcecode.swift; path = EvidenceApp.swift; sourceTree = "<group>"; };
		6395EDBF2AC39197000EB04A /* ContentView.swift */ = {isa = PBXFileReference; lastKnownFileType = sourcecode.swift; path = ContentView.swift; sourceTree = "<group>"; };
		6395EDC12AC39198000EB04A /* Assets.xcassets */ = {isa = PBXFileReference; lastKnownFileType = folder.assetcatalog; path = Assets.xcassets; sourceTree = "<group>"; };
		6395EDC42AC39198000EB04A /* Preview Assets.xcassets */ = {isa = PBXFileReference; lastKnownFileType = folder.assetcatalog; path = "Preview Assets.xcassets"; sourceTree = "<group>"; };
		6395EDCA2AC39198000EB04A /* EvidenceTests.xctest */ = {isa = PBXFileReference; explicitFileType = wrapper.cfbundle; includeInIndex = 0; path = EvidenceTests.xctest; sourceTree = BUILT_PRODUCTS_DIR; };
		6395EDCE2AC39198000EB04A /* EvidenceTests.swift */ = {isa = PBXFileReference; lastKnownFileType = sourcecode.swift; path = EvidenceTests.swift; sourceTree = "<group>"; };
		6395EDD42AC39198000EB04A /* EvidenceUITests.xctest */ = {isa = PBXFileReference; explicitFileType = wrapper.cfbundle; includeInIndex = 0; path = EvidenceUITests.xctest; sourceTree = BUILT_PRODUCTS_DIR; };
		6395EDD82AC39198000EB04A /* EvidenceUITests.swift */ = {isa = PBXFileReference; lastKnownFileType = sourcecode.swift; path = EvidenceUITests.swift; sourceTree = "<group>"; };
		6395EDDA2AC39198000EB04A /* EvidenceUITestsLaunchTests.swift */ = {isa = PBXFileReference; lastKnownFileType = sourcecode.swift; path = EvidenceUITestsLaunchTests.swift; sourceTree = "<group>"; };
/* End PBXFileReference section */

/* Begin PBXFrameworksBuildPhase section */
		6395EDB72AC39197000EB04A /* Frameworks */ = {
			isa = PBXFrameworksBuildPhase;
			buildActionMask = 2147483647;
			files = (
				6347C56B2ACC327F00F0EE01 /* EvidenceDependencies in Frameworks */,
			);
			runOnlyForDeploymentPostprocessing = 0;
		};
		6395EDC72AC39198000EB04A /* Frameworks */ = {
			isa = PBXFrameworksBuildPhase;
			buildActionMask = 2147483647;
			files = (
			);
			runOnlyForDeploymentPostprocessing = 0;
		};
		6395EDD12AC39198000EB04A /* Frameworks */ = {
			isa = PBXFrameworksBuildPhase;
			buildActionMask = 2147483647;
			files = (
			);
			runOnlyForDeploymentPostprocessing = 0;
		};
/* End PBXFrameworksBuildPhase section */

/* Begin PBXGroup section */
		6395EDB12AC39197000EB04A = {
			isa = PBXGroup;
			children = (
				6395EDBC2AC39197000EB04A /* Evidence */,
				6395EDCD2AC39198000EB04A /* EvidenceTests */,
				6395EDD72AC39198000EB04A /* EvidenceUITests */,
				6395EDBB2AC39197000EB04A /* Products */,
				63F851642ACBA4B900658273 /* Frameworks */,
			);
			sourceTree = "<group>";
		};
		6395EDBB2AC39197000EB04A /* Products */ = {
			isa = PBXGroup;
			children = (
				6395EDBA2AC39197000EB04A /* Evidence.app */,
				6395EDCA2AC39198000EB04A /* EvidenceTests.xctest */,
				6395EDD42AC39198000EB04A /* EvidenceUITests.xctest */,
			);
			name = Products;
			sourceTree = "<group>";
		};
		6395EDBC2AC39197000EB04A /* Evidence */ = {
			isa = PBXGroup;
			children = (
				6395EDBD2AC39197000EB04A /* EvidenceApp.swift */,
				6395EDBF2AC39197000EB04A /* ContentView.swift */,
				6395EDC12AC39198000EB04A /* Assets.xcassets */,
				6395EDC32AC39198000EB04A /* Preview Content */,
			);
			path = Evidence;
			sourceTree = "<group>";
		};
		6395EDC32AC39198000EB04A /* Preview Content */ = {
			isa = PBXGroup;
			children = (
				6395EDC42AC39198000EB04A /* Preview Assets.xcassets */,
			);
			path = "Preview Content";
			sourceTree = "<group>";
		};
		6395EDCD2AC39198000EB04A /* EvidenceTests */ = {
			isa = PBXGroup;
			children = (
				6395EDCE2AC39198000EB04A /* EvidenceTests.swift */,
			);
			path = EvidenceTests;
			sourceTree = "<group>";
		};
		6395EDD72AC39198000EB04A /* EvidenceUITests */ = {
			isa = PBXGroup;
			children = (
				6395EDD82AC39198000EB04A /* EvidenceUITests.swift */,
				6395EDDA2AC39198000EB04A /* EvidenceUITestsLaunchTests.swift */,
			);
			path = EvidenceUITests;
			sourceTree = "<group>";
		};
		63F851642ACBA4B900658273 /* Frameworks */ = {
			isa = PBXGroup;
			children = (
			);
			name = Frameworks;
			sourceTree = "<group>";
		};
/* End PBXGroup section */

/* Begin PBXNativeTarget section */
		6395EDB92AC39197000EB04A /* Evidence */ = {
			isa = PBXNativeTarget;
			buildConfigurationList = 6395EDDE2AC39198000EB04A /* Build configuration list for PBXNativeTarget "Evidence" */;
			buildPhases = (
				6395EDB62AC39197000EB04A /* Sources */,
				6395EDB72AC39197000EB04A /* Frameworks */,
				6395EDB82AC39197000EB04A /* Resources */,
			);
			buildRules = (
			);
			dependencies = (
			);
			name = Evidence;
			packageProductDependencies = (
				6347C56A2ACC327F00F0EE01 /* EvidenceDependencies */,
			);
			productName = Evidence;
			productReference = 6395EDBA2AC39197000EB04A /* Evidence.app */;
			productType = "com.apple.product-type.application";
		};
		6395EDC92AC39198000EB04A /* EvidenceTests */ = {
			isa = PBXNativeTarget;
			buildConfigurationList = 6395EDE12AC39198000EB04A /* Build configuration list for PBXNativeTarget "EvidenceTests" */;
			buildPhases = (
				6395EDC62AC39198000EB04A /* Sources */,
				6395EDC72AC39198000EB04A /* Frameworks */,
				6395EDC82AC39198000EB04A /* Resources */,
			);
			buildRules = (
			);
			dependencies = (
				6395EDCC2AC39198000EB04A /* PBXTargetDependency */,
			);
			name = EvidenceTests;
			productName = EvidenceTests;
			productReference = 6395EDCA2AC39198000EB04A /* EvidenceTests.xctest */;
			productType = "com.apple.product-type.bundle.unit-test";
		};
		6395EDD32AC39198000EB04A /* EvidenceUITests */ = {
			isa = PBXNativeTarget;
			buildConfigurationList = 6395EDE42AC39198000EB04A /* Build configuration list for PBXNativeTarget "EvidenceUITests" */;
			buildPhases = (
				6395EDD02AC39198000EB04A /* Sources */,
				6395EDD12AC39198000EB04A /* Frameworks */,
				6395EDD22AC39198000EB04A /* Resources */,
			);
			buildRules = (
			);
			dependencies = (
				6395EDD62AC39198000EB04A /* PBXTargetDependency */,
			);
			name = EvidenceUITests;
			productName = EvidenceUITests;
			productReference = 6395EDD42AC39198000EB04A /* EvidenceUITests.xctest */;
			productType = "com.apple.product-type.bundle.ui-testing";
		};
/* End PBXNativeTarget section */

/* Begin PBXProject section */
		6395EDB22AC39197000EB04A /* Project object */ = {
			isa = PBXProject;
			attributes = {
				BuildIndependentTargetsInParallel = 1;
				LastSwiftUpdateCheck = 1430;
				LastUpgradeCheck = 1430;
				TargetAttributes = {
					6395EDB92AC39197000EB04A = {
						CreatedOnToolsVersion = 14.3.1;
					};
					6395EDC92AC39198000EB04A = {
						CreatedOnToolsVersion = 14.3.1;
						TestTargetID = 6395EDB92AC39197000EB04A;
					};
					6395EDD32AC39198000EB04A = {
						CreatedOnToolsVersion = 14.3.1;
						TestTargetID = 6395EDB92AC39197000EB04A;
					};
				};
			};
			buildConfigurationList = 6395EDB52AC39197000EB04A /* Build configuration list for PBXProject "Evidence" */;
			compatibilityVersion = "Xcode 14.0";
			developmentRegion = en;
			hasScannedForEncodings = 0;
			knownRegions = (
				en,
				Base,
			);
			mainGroup = 6395EDB12AC39197000EB04A;
			packageReferences = (
			);
			productRefGroup = 6395EDBB2AC39197000EB04A /* Products */;
			projectDirPath = "";
			projectRoot = "";
			targets = (
				6395EDB92AC39197000EB04A /* Evidence */,
				6395EDC92AC39198000EB04A /* EvidenceTests */,
				6395EDD32AC39198000EB04A /* EvidenceUITests */,
			);
		};
/* End PBXProject section */

/* Begin PBXResourcesBuildPhase section */
		6395EDB82AC39197000EB04A /* Resources */ = {
			isa = PBXResourcesBuildPhase;
			buildActionMask = 2147483647;
			files = (
				6395EDC52AC39198000EB04A /* Preview Assets.xcassets in Resources */,
				6395EDC22AC39198000EB04A /* Assets.xcassets in Resources */,
			);
			runOnlyForDeploymentPostprocessing = 0;
		};
		6395EDC82AC39198000EB04A /* Resources */ = {
			isa = PBXResourcesBuildPhase;
			buildActionMask = 2147483647;
			files = (
			);
			runOnlyForDeploymentPostprocessing = 0;
		};
		6395EDD22AC39198000EB04A /* Resources */ = {
			isa = PBXResourcesBuildPhase;
			buildActionMask = 2147483647;
			files = (
			);
			runOnlyForDeploymentPostprocessing = 0;
		};
/* End PBXResourcesBuildPhase section */

/* Begin PBXSourcesBuildPhase section */
		6395EDB62AC39197000EB04A /* Sources */ = {
			isa = PBXSourcesBuildPhase;
			buildActionMask = 2147483647;
			files = (
				6395EDC02AC39197000EB04A /* ContentView.swift in Sources */,
				6395EDBE2AC39197000EB04A /* EvidenceApp.swift in Sources */,
			);
			runOnlyForDeploymentPostprocessing = 0;
		};
		6395EDC62AC39198000EB04A /* Sources */ = {
			isa = PBXSourcesBuildPhase;
			buildActionMask = 2147483647;
			files = (
				6395EDCF2AC39198000EB04A /* EvidenceTests.swift in Sources */,
			);
			runOnlyForDeploymentPostprocessing = 0;
		};
		6395EDD02AC39198000EB04A /* Sources */ = {
			isa = PBXSourcesBuildPhase;
			buildActionMask = 2147483647;
			files = (
				6395EDDB2AC39198000EB04A /* EvidenceUITestsLaunchTests.swift in Sources */,
				6395EDD92AC39198000EB04A /* EvidenceUITests.swift in Sources */,
			);
			runOnlyForDeploymentPostprocessing = 0;
		};
/* End PBXSourcesBuildPhase section */

/* Begin PBXTargetDependency section */
		6395EDCC2AC39198000EB04A /* PBXTargetDependency */ = {
			isa = PBXTargetDependency;
			target = 6395EDB92AC39197000EB04A /* Evidence */;
			targetProxy = 6395EDCB2AC39198000EB04A /* PBXContainerItemProxy */;
		};
		6395EDD62AC39198000EB04A /* PBXTargetDependency */ = {
			isa = PBXTargetDependency;
			target = 6395EDB92AC39197000EB04A /* Evidence */;
			targetProxy = 6395EDD52AC39198000EB04A /* PBXContainerItemProxy */;
		};
/* End PBXTargetDependency section */

/* Begin XCBuildConfiguration section */
		6395EDDC2AC39198000EB04A /* Debug */ = {
			isa = XCBuildConfiguration;
			buildSettings = {
				ALWAYS_SEARCH_USER_PATHS = NO;
				CLANG_ANALYZER_NONNULL = YES;
				CLANG_ANALYZER_NUMBER_OBJECT_CONVERSION = YES_AGGRESSIVE;
				CLANG_CXX_LANGUAGE_STANDARD = "gnu++20";
				CLANG_ENABLE_MODULES = YES;
				CLANG_ENABLE_OBJC_ARC = YES;
				CLANG_ENABLE_OBJC_WEAK = YES;
				CLANG_WARN_BLOCK_CAPTURE_AUTORELEASING = YES;
				CLANG_WARN_BOOL_CONVERSION = YES;
				CLANG_WARN_COMMA = YES;
				CLANG_WARN_CONSTANT_CONVERSION = YES;
				CLANG_WARN_DEPRECATED_OBJC_IMPLEMENTATIONS = YES;
				CLANG_WARN_DIRECT_OBJC_ISA_USAGE = YES_ERROR;
				CLANG_WARN_DOCUMENTATION_COMMENTS = YES;
				CLANG_WARN_EMPTY_BODY = YES;
				CLANG_WARN_ENUM_CONVERSION = YES;
				CLANG_WARN_INFINITE_RECURSION = YES;
				CLANG_WARN_INT_CONVERSION = YES;
				CLANG_WARN_NON_LITERAL_NULL_CONVERSION = YES;
				CLANG_WARN_OBJC_IMPLICIT_RETAIN_SELF = YES;
				CLANG_WARN_OBJC_LITERAL_CONVERSION = YES;
				CLANG_WARN_OBJC_ROOT_CLASS = YES_ERROR;
				CLANG_WARN_QUOTED_INCLUDE_IN_FRAMEWORK_HEADER = YES;
				CLANG_WARN_RANGE_LOOP_ANALYSIS = YES;
				CLANG_WARN_STRICT_PROTOTYPES = YES;
				CLANG_WARN_SUSPICIOUS_MOVE = YES;
				CLANG_WARN_UNGUARDED_AVAILABILITY = YES_AGGRESSIVE;
				CLANG_WARN_UNREACHABLE_CODE = YES;
				CLANG_WARN__DUPLICATE_METHOD_MATCH = YES;
				COPY_PHASE_STRIP = NO;
				DEBUG_INFORMATION_FORMAT = dwarf;
				ENABLE_STRICT_OBJC_MSGSEND = YES;
				ENABLE_TESTABILITY = YES;
				GCC_C_LANGUAGE_STANDARD = gnu11;
				GCC_DYNAMIC_NO_PIC = NO;
				GCC_NO_COMMON_BLOCKS = YES;
				GCC_OPTIMIZATION_LEVEL = 0;
				GCC_PREPROCESSOR_DEFINITIONS = (
					"DEBUG=1",
					"$(inherited)",
				);
				GCC_WARN_64_TO_32_BIT_CONVERSION = YES;
				GCC_WARN_ABOUT_RETURN_TYPE = YES_ERROR;
				GCC_WARN_UNDECLARED_SELECTOR = YES;
				GCC_WARN_UNINITIALIZED_AUTOS = YES_AGGRESSIVE;
				GCC_WARN_UNUSED_FUNCTION = YES;
				GCC_WARN_UNUSED_VARIABLE = YES;
				IPHONEOS_DEPLOYMENT_TARGET = 16.4;
				MTL_ENABLE_DEBUG_INFO = INCLUDE_SOURCE;
				MTL_FAST_MATH = YES;
				ONLY_ACTIVE_ARCH = YES;
				SDKROOT = iphoneos;
				SWIFT_ACTIVE_COMPILATION_CONDITIONS = DEBUG;
				SWIFT_OPTIMIZATION_LEVEL = "-Onone";
			};
			name = Debug;
		};
		6395EDDD2AC39198000EB04A /* Release */ = {
			isa = XCBuildConfiguration;
			buildSettings = {
				ALWAYS_SEARCH_USER_PATHS = NO;
				CLANG_ANALYZER_NONNULL = YES;
				CLANG_ANALYZER_NUMBER_OBJECT_CONVERSION = YES_AGGRESSIVE;
				CLANG_CXX_LANGUAGE_STANDARD = "gnu++20";
				CLANG_ENABLE_MODULES = YES;
				CLANG_ENABLE_OBJC_ARC = YES;
				CLANG_ENABLE_OBJC_WEAK = YES;
				CLANG_WARN_BLOCK_CAPTURE_AUTORELEASING = YES;
				CLANG_WARN_BOOL_CONVERSION = YES;
				CLANG_WARN_COMMA = YES;
				CLANG_WARN_CONSTANT_CONVERSION = YES;
				CLANG_WARN_DEPRECATED_OBJC_IMPLEMENTATIONS = YES;
				CLANG_WARN_DIRECT_OBJC_ISA_USAGE = YES_ERROR;
				CLANG_WARN_DOCUMENTATION_COMMENTS = YES;
				CLANG_WARN_EMPTY_BODY = YES;
				CLANG_WARN_ENUM_CONVERSION = YES;
				CLANG_WARN_INFINITE_RECURSION = YES;
				CLANG_WARN_INT_CONVERSION = YES;
				CLANG_WARN_NON_LITERAL_NULL_CONVERSION = YES;
				CLANG_WARN_OBJC_IMPLICIT_RETAIN_SELF = YES;
				CLANG_WARN_OBJC_LITERAL_CONVERSION = YES;
				CLANG_WARN_OBJC_ROOT_CLASS = YES_ERROR;
				CLANG_WARN_QUOTED_INCLUDE_IN_FRAMEWORK_HEADER = YES;
				CLANG_WARN_RANGE_LOOP_ANALYSIS = YES;
				CLANG_WARN_STRICT_PROTOTYPES = YES;
				CLANG_WARN_SUSPICIOUS_MOVE = YES;
				CLANG_WARN_UNGUARDED_AVAILABILITY = YES_AGGRESSIVE;
				CLANG_WARN_UNREACHABLE_CODE = YES;
				CLANG_WARN__DUPLICATE_METHOD_MATCH = YES;
				COPY_PHASE_STRIP = NO;
				DEBUG_INFORMATION_FORMAT = "dwarf-with-dsym";
				ENABLE_NS_ASSERTIONS = NO;
				ENABLE_STRICT_OBJC_MSGSEND = YES;
				GCC_C_LANGUAGE_STANDARD = gnu11;
				GCC_NO_COMMON_BLOCKS = YES;
				GCC_WARN_64_TO_32_BIT_CONVERSION = YES;
				GCC_WARN_ABOUT_RETURN_TYPE = YES_ERROR;
				GCC_WARN_UNDECLARED_SELECTOR = YES;
				GCC_WARN_UNINITIALIZED_AUTOS = YES_AGGRESSIVE;
				GCC_WARN_UNUSED_FUNCTION = YES;
				GCC_WARN_UNUSED_VARIABLE = YES;
				IPHONEOS_DEPLOYMENT_TARGET = 16.4;
				MTL_ENABLE_DEBUG_INFO = NO;
				MTL_FAST_MATH = YES;
				SDKROOT = iphoneos;
				SWIFT_COMPILATION_MODE = wholemodule;
				SWIFT_OPTIMIZATION_LEVEL = "-O";
				VALIDATE_PRODUCT = YES;
			};
			name = Release;
		};
		6395EDDF2AC39198000EB04A /* Debug */ = {
			isa = XCBuildConfiguration;
			buildSettings = {
				ASSETCATALOG_COMPILER_APPICON_NAME = AppIcon;
				ASSETCATALOG_COMPILER_GLOBAL_ACCENT_COLOR_NAME = AccentColor;
				CODE_SIGN_STYLE = Automatic;
				CURRENT_PROJECT_VERSION = 1;
				DEVELOPMENT_ASSET_PATHS = "";
				DEVELOPMENT_TEAM = G3TQDRB2GQ;
				ENABLE_PREVIEWS = YES;
				GENERATE_INFOPLIST_FILE = YES;
				INFOPLIST_KEY_UIApplicationSceneManifest_Generation = YES;
				INFOPLIST_KEY_UIApplicationSupportsIndirectInputEvents = YES;
				INFOPLIST_KEY_UILaunchScreen_Generation = YES;
				INFOPLIST_KEY_UISupportedInterfaceOrientations_iPad = "UIInterfaceOrientationPortrait UIInterfaceOrientationPortraitUpsideDown UIInterfaceOrientationLandscapeLeft UIInterfaceOrientationLandscapeRight";
				INFOPLIST_KEY_UISupportedInterfaceOrientations_iPhone = "UIInterfaceOrientationPortrait UIInterfaceOrientationLandscapeLeft UIInterfaceOrientationLandscapeRight";
				LD_RUNPATH_SEARCH_PATHS = (
					"$(inherited)",
					"@executable_path/Frameworks",
				);
				MARKETING_VERSION = 1.0;
				PRODUCT_BUNDLE_IDENTIFIER = evidence.Evidence;
				PRODUCT_NAME = "$(TARGET_NAME)";
				SWIFT_EMIT_LOC_STRINGS = YES;
				SWIFT_VERSION = 5.0;
				TARGETED_DEVICE_FAMILY = "1,2";
			};
			name = Debug;
		};
		6395EDE02AC39198000EB04A /* Release */ = {
			isa = XCBuildConfiguration;
			buildSettings = {
				ASSETCATALOG_COMPILER_APPICON_NAME = AppIcon;
				ASSETCATALOG_COMPILER_GLOBAL_ACCENT_COLOR_NAME = AccentColor;
				CODE_SIGN_STYLE = Automatic;
				CURRENT_PROJECT_VERSION = 1;
				DEVELOPMENT_ASSET_PATHS = "";
				DEVELOPMENT_TEAM = G3TQDRB2GQ;
				ENABLE_PREVIEWS = YES;
				GENERATE_INFOPLIST_FILE = YES;
				INFOPLIST_KEY_UIApplicationSceneManifest_Generation = YES;
				INFOPLIST_KEY_UIApplicationSupportsIndirectInputEvents = YES;
				INFOPLIST_KEY_UILaunchScreen_Generation = YES;
				INFOPLIST_KEY_UISupportedInterfaceOrientations_iPad = "UIInterfaceOrientationPortrait UIInterfaceOrientationPortraitUpsideDown UIInterfaceOrientationLandscapeLeft UIInterfaceOrientationLandscapeRight";
				INFOPLIST_KEY_UISupportedInterfaceOrientations_iPhone = "UIInterfaceOrientationPortrait UIInterfaceOrientationLandscapeLeft UIInterfaceOrientationLandscapeRight";
				LD_RUNPATH_SEARCH_PATHS = (
					"$(inherited)",
					"@executable_path/Frameworks",
				);
				MARKETING_VERSION = 1.0;
				PRODUCT_BUNDLE_IDENTIFIER = evidence.Evidence;
				PRODUCT_NAME = "$(TARGET_NAME)";
				SWIFT_EMIT_LOC_STRINGS = YES;
				SWIFT_VERSION = 5.0;
				TARGETED_DEVICE_FAMILY = "1,2";
			};
			name = Release;
		};
		6395EDE22AC39198000EB04A /* Debug */ = {
			isa = XCBuildConfiguration;
			buildSettings = {
				ALWAYS_EMBED_SWIFT_STANDARD_LIBRARIES = YES;
				BUNDLE_LOADER = "$(TEST_HOST)";
				CODE_SIGN_STYLE = Automatic;
				CURRENT_PROJECT_VERSION = 1;
				DEVELOPMENT_TEAM = G3TQDRB2GQ;
				GENERATE_INFOPLIST_FILE = YES;
				IPHONEOS_DEPLOYMENT_TARGET = 16.4;
				MARKETING_VERSION = 1.0;
				PRODUCT_BUNDLE_IDENTIFIER = evidence.EvidenceTests;
				PRODUCT_NAME = "$(TARGET_NAME)";
				SWIFT_EMIT_LOC_STRINGS = NO;
				SWIFT_VERSION = 5.0;
				TARGETED_DEVICE_FAMILY = "1,2";
				TEST_HOST = "$(BUILT_PRODUCTS_DIR)/Evidence.app/$(BUNDLE_EXECUTABLE_FOLDER_PATH)/Evidence";
			};
			name = Debug;
		};
		6395EDE32AC39198000EB04A /* Release */ = {
			isa = XCBuildConfiguration;
			buildSettings = {
				ALWAYS_EMBED_SWIFT_STANDARD_LIBRARIES = YES;
				BUNDLE_LOADER = "$(TEST_HOST)";
				CODE_SIGN_STYLE = Automatic;
				CURRENT_PROJECT_VERSION = 1;
				DEVELOPMENT_TEAM = G3TQDRB2GQ;
				GENERATE_INFOPLIST_FILE = YES;
				IPHONEOS_DEPLOYMENT_TARGET = 16.4;
				MARKETING_VERSION = 1.0;
				PRODUCT_BUNDLE_IDENTIFIER = evidence.EvidenceTests;
				PRODUCT_NAME = "$(TARGET_NAME)";
				SWIFT_EMIT_LOC_STRINGS = NO;
				SWIFT_VERSION = 5.0;
				TARGETED_DEVICE_FAMILY = "1,2";
				TEST_HOST = "$(BUILT_PRODUCTS_DIR)/Evidence.app/$(BUNDLE_EXECUTABLE_FOLDER_PATH)/Evidence";
			};
			name = Release;
		};
		6395EDE52AC39198000EB04A /* Debug */ = {
			isa = XCBuildConfiguration;
			buildSettings = {
				ALWAYS_EMBED_SWIFT_STANDARD_LIBRARIES = YES;
				CODE_SIGN_STYLE = Automatic;
				CURRENT_PROJECT_VERSION = 1;
				DEVELOPMENT_TEAM = G3TQDRB2GQ;
				GENERATE_INFOPLIST_FILE = YES;
				MARKETING_VERSION = 1.0;
				PRODUCT_BUNDLE_IDENTIFIER = evidence.EvidenceUITests;
				PRODUCT_NAME = "$(TARGET_NAME)";
				SWIFT_EMIT_LOC_STRINGS = NO;
				SWIFT_VERSION = 5.0;
				TARGETED_DEVICE_FAMILY = "1,2";
				TEST_TARGET_NAME = Evidence;
			};
			name = Debug;
		};
		6395EDE62AC39198000EB04A /* Release */ = {
			isa = XCBuildConfiguration;
			buildSettings = {
				ALWAYS_EMBED_SWIFT_STANDARD_LIBRARIES = YES;
				CODE_SIGN_STYLE = Automatic;
				CURRENT_PROJECT_VERSION = 1;
				DEVELOPMENT_TEAM = G3TQDRB2GQ;
				GENERATE_INFOPLIST_FILE = YES;
				MARKETING_VERSION = 1.0;
				PRODUCT_BUNDLE_IDENTIFIER = evidence.EvidenceUITests;
				PRODUCT_NAME = "$(TARGET_NAME)";
				SWIFT_EMIT_LOC_STRINGS = NO;
				SWIFT_VERSION = 5.0;
				TARGETED_DEVICE_FAMILY = "1,2";
				TEST_TARGET_NAME = Evidence;
			};
			name = Release;
		};
/* End XCBuildConfiguration section */

/* Begin XCConfigurationList section */
		6395EDB52AC39197000EB04A /* Build configuration list for PBXProject "Evidence" */ = {
			isa = XCConfigurationList;
			buildConfigurations = (
				6395EDDC2AC39198000EB04A /* Debug */,
				6395EDDD2AC39198000EB04A /* Release */,
			);
			defaultConfigurationIsVisible = 0;
			defaultConfigurationName = Release;
		};
		6395EDDE2AC39198000EB04A /* Build configuration list for PBXNativeTarget "Evidence" */ = {
			isa = XCConfigurationList;
			buildConfigurations = (
				6395EDDF2AC39198000EB04A /* Debug */,
				6395EDE02AC39198000EB04A /* Release */,
			);
			defaultConfigurationIsVisible = 0;
			defaultConfigurationName = Release;
		};
		6395EDE12AC39198000EB04A /* Build configuration list for PBXNativeTarget "EvidenceTests" */ = {
			isa = XCConfigurationList;
			buildConfigurations = (
				6395EDE22AC39198000EB04A /* Debug */,
				6395EDE32AC39198000EB04A /* Release */,
			);
			defaultConfigurationIsVisible = 0;
			defaultConfigurationName = Release;
		};
		6395EDE42AC39198000EB04A /* Build configuration list for PBXNativeTarget "EvidenceUITests" */ = {
			isa = XCConfigurationList;
			buildConfigurations = (
				6395EDE52AC39198000EB04A /* Debug */,
				6395EDE62AC39198000EB04A /* Release */,
			);
			defaultConfigurationIsVisible = 0;
			defaultConfigurationName = Release;
		};
/* End XCConfigurationList section */

/* Begin XCSwiftPackageProductDependency section */
		6347C56A2ACC327F00F0EE01 /* EvidenceDependencies */ = {
			isa = XCSwiftPackageProductDependency;
			productName = EvidenceDependencies;
		};
/* End XCSwiftPackageProductDependency section */
	};
	rootObject = 6395EDB22AC39197000EB04A /* Project object */;
}
