// !$*UTF8*$!
{
	archiveVersion = 1;
	classes = {
	};
	objectVersion = 56;
	objects = {

/* Begin PBXBuildFile section */
		6361D20C2BBE49C100F7866D /* AuthClient.swift in Sources */ = {isa = PBXBuildFile; fileRef = 6361D20B2BBE49C100F7866D /* AuthClient.swift */; };
		6369AD632BB36C840067E2EC /* EvidenceLabApp.swift in Sources */ = {isa = PBXBuildFile; fileRef = 6369AD622BB36C840067E2EC /* EvidenceLabApp.swift */; };
		6369AD652BB36C840067E2EC /* ContentView.swift in Sources */ = {isa = PBXBuildFile; fileRef = 6369AD642BB36C840067E2EC /* ContentView.swift */; };
		6369AD672BB36C850067E2EC /* Assets.xcassets in Resources */ = {isa = PBXBuildFile; fileRef = 6369AD662BB36C850067E2EC /* Assets.xcassets */; };
		6369AD6A2BB36C850067E2EC /* Preview Assets.xcassets in Resources */ = {isa = PBXBuildFile; fileRef = 6369AD692BB36C850067E2EC /* Preview Assets.xcassets */; };
		6369AD742BB36C850067E2EC /* EvidenceLabTests.swift in Sources */ = {isa = PBXBuildFile; fileRef = 6369AD732BB36C850067E2EC /* EvidenceLabTests.swift */; };
		6369AD7E2BB36C850067E2EC /* EvidenceLabUITests.swift in Sources */ = {isa = PBXBuildFile; fileRef = 6369AD7D2BB36C850067E2EC /* EvidenceLabUITests.swift */; };
		6369AD802BB36C850067E2EC /* EvidenceLabUITestsLaunchTests.swift in Sources */ = {isa = PBXBuildFile; fileRef = 6369AD7F2BB36C850067E2EC /* EvidenceLabUITestsLaunchTests.swift */; };
		6372397B2BC56C6000F8E66E /* Store.swift in Sources */ = {isa = PBXBuildFile; fileRef = 6372397A2BC56C6000F8E66E /* Store.swift */; };
		6372397D2BC56C6B00F8E66E /* Reducer.swift in Sources */ = {isa = PBXBuildFile; fileRef = 6372397C2BC56C6B00F8E66E /* Reducer.swift */; };
		6372397F2BC56C9A00F8E66E /* Feature.swift in Sources */ = {isa = PBXBuildFile; fileRef = 6372397E2BC56C9A00F8E66E /* Feature.swift */; };
		637239812BC56CC700F8E66E /* Effect.swift in Sources */ = {isa = PBXBuildFile; fileRef = 637239802BC56CC700F8E66E /* Effect.swift */; };
		637239832BC56CEF00F8E66E /* Store+SwiftUI.swift in Sources */ = {isa = PBXBuildFile; fileRef = 637239822BC56CEF00F8E66E /* Store+SwiftUI.swift */; };
		637239882BC56E2100F8E66E /* Message.swift in Sources */ = {isa = PBXBuildFile; fileRef = 637239872BC56E2100F8E66E /* Message.swift */; };
		6372398A2BC56E7700F8E66E /* ChatDetail.swift in Sources */ = {isa = PBXBuildFile; fileRef = 637239892BC56E7700F8E66E /* ChatDetail.swift */; };
		6372398C2BC56EA900F8E66E /* ChatList.swift in Sources */ = {isa = PBXBuildFile; fileRef = 6372398B2BC56EA900F8E66E /* ChatList.swift */; };
		6372398E2BC56EC900F8E66E /* Home.swift in Sources */ = {isa = PBXBuildFile; fileRef = 6372398D2BC56EC900F8E66E /* Home.swift */; };
		637239902BC56EE700F8E66E /* Profile.swift in Sources */ = {isa = PBXBuildFile; fileRef = 6372398F2BC56EE700F8E66E /* Profile.swift */; };
		637239922BC56F0500F8E66E /* Login.swift in Sources */ = {isa = PBXBuildFile; fileRef = 637239912BC56F0500F8E66E /* Login.swift */; };
		637239942BC56F2500F8E66E /* Root.swift in Sources */ = {isa = PBXBuildFile; fileRef = 637239932BC56F2500F8E66E /* Root.swift */; };
		6375E6D82BB47EC2002E47F3 /* PreviewClient.swift in Sources */ = {isa = PBXBuildFile; fileRef = 6375E6D72BB47EC2002E47F3 /* PreviewClient.swift */; };
		63797AC52BBAD2B800188427 /* CasePaths in Frameworks */ = {isa = PBXBuildFile; productRef = 63797AC42BBAD2B800188427 /* CasePaths */; };
		63797AC92BBAD33E00188427 /* Models.swift in Sources */ = {isa = PBXBuildFile; fileRef = 63797AC82BBAD33E00188427 /* Models.swift */; };
		63797ACB2BBAD57600188427 /* Helpers.swift in Sources */ = {isa = PBXBuildFile; fileRef = 63797ACA2BBAD57600188427 /* Helpers.swift */; };
		63D770862BC1F79F00B81E83 /* ChatClient.swift in Sources */ = {isa = PBXBuildFile; fileRef = 63D770852BC1F79F00B81E83 /* ChatClient.swift */; };
		63D770892BC2EAD900B81E83 /* DocumentClient.swift in Sources */ = {isa = PBXBuildFile; fileRef = 63D770882BC2EAD900B81E83 /* DocumentClient.swift */; };
/* End PBXBuildFile section */

/* Begin PBXContainerItemProxy section */
		6369AD702BB36C850067E2EC /* PBXContainerItemProxy */ = {
			isa = PBXContainerItemProxy;
			containerPortal = 6369AD572BB36C840067E2EC /* Project object */;
			proxyType = 1;
			remoteGlobalIDString = 6369AD5E2BB36C840067E2EC;
			remoteInfo = EvidenceLab;
		};
		6369AD7A2BB36C850067E2EC /* PBXContainerItemProxy */ = {
			isa = PBXContainerItemProxy;
			containerPortal = 6369AD572BB36C840067E2EC /* Project object */;
			proxyType = 1;
			remoteGlobalIDString = 6369AD5E2BB36C840067E2EC;
			remoteInfo = EvidenceLab;
		};
/* End PBXContainerItemProxy section */

/* Begin PBXFileReference section */
		6361D20B2BBE49C100F7866D /* AuthClient.swift */ = {isa = PBXFileReference; lastKnownFileType = sourcecode.swift; path = AuthClient.swift; sourceTree = "<group>"; };
		6369AD5F2BB36C840067E2EC /* EvidenceLab.app */ = {isa = PBXFileReference; explicitFileType = wrapper.application; includeInIndex = 0; path = EvidenceLab.app; sourceTree = BUILT_PRODUCTS_DIR; };
		6369AD622BB36C840067E2EC /* EvidenceLabApp.swift */ = {isa = PBXFileReference; lastKnownFileType = sourcecode.swift; path = EvidenceLabApp.swift; sourceTree = "<group>"; };
		6369AD642BB36C840067E2EC /* ContentView.swift */ = {isa = PBXFileReference; lastKnownFileType = sourcecode.swift; path = ContentView.swift; sourceTree = "<group>"; };
		6369AD662BB36C850067E2EC /* Assets.xcassets */ = {isa = PBXFileReference; lastKnownFileType = folder.assetcatalog; path = Assets.xcassets; sourceTree = "<group>"; };
		6369AD692BB36C850067E2EC /* Preview Assets.xcassets */ = {isa = PBXFileReference; lastKnownFileType = folder.assetcatalog; path = "Preview Assets.xcassets"; sourceTree = "<group>"; };
		6369AD6F2BB36C850067E2EC /* EvidenceLabTests.xctest */ = {isa = PBXFileReference; explicitFileType = wrapper.cfbundle; includeInIndex = 0; path = EvidenceLabTests.xctest; sourceTree = BUILT_PRODUCTS_DIR; };
		6369AD732BB36C850067E2EC /* EvidenceLabTests.swift */ = {isa = PBXFileReference; lastKnownFileType = sourcecode.swift; path = EvidenceLabTests.swift; sourceTree = "<group>"; };
		6369AD792BB36C850067E2EC /* EvidenceLabUITests.xctest */ = {isa = PBXFileReference; explicitFileType = wrapper.cfbundle; includeInIndex = 0; path = EvidenceLabUITests.xctest; sourceTree = BUILT_PRODUCTS_DIR; };
		6369AD7D2BB36C850067E2EC /* EvidenceLabUITests.swift */ = {isa = PBXFileReference; lastKnownFileType = sourcecode.swift; path = EvidenceLabUITests.swift; sourceTree = "<group>"; };
		6369AD7F2BB36C850067E2EC /* EvidenceLabUITestsLaunchTests.swift */ = {isa = PBXFileReference; lastKnownFileType = sourcecode.swift; path = EvidenceLabUITestsLaunchTests.swift; sourceTree = "<group>"; };
		6372397A2BC56C6000F8E66E /* Store.swift */ = {isa = PBXFileReference; lastKnownFileType = sourcecode.swift; path = Store.swift; sourceTree = "<group>"; };
		6372397C2BC56C6B00F8E66E /* Reducer.swift */ = {isa = PBXFileReference; lastKnownFileType = sourcecode.swift; path = Reducer.swift; sourceTree = "<group>"; };
		6372397E2BC56C9A00F8E66E /* Feature.swift */ = {isa = PBXFileReference; lastKnownFileType = sourcecode.swift; path = Feature.swift; sourceTree = "<group>"; };
		637239802BC56CC700F8E66E /* Effect.swift */ = {isa = PBXFileReference; lastKnownFileType = sourcecode.swift; path = Effect.swift; sourceTree = "<group>"; };
		637239822BC56CEF00F8E66E /* Store+SwiftUI.swift */ = {isa = PBXFileReference; lastKnownFileType = sourcecode.swift; path = "Store+SwiftUI.swift"; sourceTree = "<group>"; };
		637239872BC56E2100F8E66E /* Message.swift */ = {isa = PBXFileReference; lastKnownFileType = sourcecode.swift; path = Message.swift; sourceTree = "<group>"; };
		637239892BC56E7700F8E66E /* ChatDetail.swift */ = {isa = PBXFileReference; lastKnownFileType = sourcecode.swift; path = ChatDetail.swift; sourceTree = "<group>"; };
		6372398B2BC56EA900F8E66E /* ChatList.swift */ = {isa = PBXFileReference; lastKnownFileType = sourcecode.swift; path = ChatList.swift; sourceTree = "<group>"; };
		6372398D2BC56EC900F8E66E /* Home.swift */ = {isa = PBXFileReference; lastKnownFileType = sourcecode.swift; path = Home.swift; sourceTree = "<group>"; };
		6372398F2BC56EE700F8E66E /* Profile.swift */ = {isa = PBXFileReference; lastKnownFileType = sourcecode.swift; path = Profile.swift; sourceTree = "<group>"; };
		637239912BC56F0500F8E66E /* Login.swift */ = {isa = PBXFileReference; lastKnownFileType = sourcecode.swift; path = Login.swift; sourceTree = "<group>"; };
		637239932BC56F2500F8E66E /* Root.swift */ = {isa = PBXFileReference; lastKnownFileType = sourcecode.swift; path = Root.swift; sourceTree = "<group>"; };
		6375E6D72BB47EC2002E47F3 /* PreviewClient.swift */ = {isa = PBXFileReference; lastKnownFileType = sourcecode.swift; path = PreviewClient.swift; sourceTree = "<group>"; };
		63797AC82BBAD33E00188427 /* Models.swift */ = {isa = PBXFileReference; lastKnownFileType = sourcecode.swift; path = Models.swift; sourceTree = "<group>"; };
		63797ACA2BBAD57600188427 /* Helpers.swift */ = {isa = PBXFileReference; lastKnownFileType = sourcecode.swift; path = Helpers.swift; sourceTree = "<group>"; };
		63D770852BC1F79F00B81E83 /* ChatClient.swift */ = {isa = PBXFileReference; lastKnownFileType = sourcecode.swift; path = ChatClient.swift; sourceTree = "<group>"; };
		63D770882BC2EAD900B81E83 /* DocumentClient.swift */ = {isa = PBXFileReference; lastKnownFileType = sourcecode.swift; path = DocumentClient.swift; sourceTree = "<group>"; };
/* End PBXFileReference section */

/* Begin PBXFrameworksBuildPhase section */
		6369AD5C2BB36C840067E2EC /* Frameworks */ = {
			isa = PBXFrameworksBuildPhase;
			buildActionMask = 2147483647;
			files = (
				63797AC52BBAD2B800188427 /* CasePaths in Frameworks */,
			);
			runOnlyForDeploymentPostprocessing = 0;
		};
		6369AD6C2BB36C850067E2EC /* Frameworks */ = {
			isa = PBXFrameworksBuildPhase;
			buildActionMask = 2147483647;
			files = (
			);
			runOnlyForDeploymentPostprocessing = 0;
		};
		6369AD762BB36C850067E2EC /* Frameworks */ = {
			isa = PBXFrameworksBuildPhase;
			buildActionMask = 2147483647;
			files = (
			);
			runOnlyForDeploymentPostprocessing = 0;
		};
/* End PBXFrameworksBuildPhase section */

/* Begin PBXGroup section */
		6369AD562BB36C840067E2EC = {
			isa = PBXGroup;
			children = (
				6369AD612BB36C840067E2EC /* EvidenceLab */,
				6369AD722BB36C850067E2EC /* EvidenceLabTests */,
				6369AD7C2BB36C850067E2EC /* EvidenceLabUITests */,
				6369AD602BB36C840067E2EC /* Products */,
				63797AC32BBAD2B800188427 /* Frameworks */,
			);
			sourceTree = "<group>";
		};
		6369AD602BB36C840067E2EC /* Products */ = {
			isa = PBXGroup;
			children = (
				6369AD5F2BB36C840067E2EC /* EvidenceLab.app */,
				6369AD6F2BB36C850067E2EC /* EvidenceLabTests.xctest */,
				6369AD792BB36C850067E2EC /* EvidenceLabUITests.xctest */,
			);
			name = Products;
			sourceTree = "<group>";
		};
		6369AD612BB36C840067E2EC /* EvidenceLab */ = {
			isa = PBXGroup;
			children = (
				6369AD642BB36C840067E2EC /* ContentView.swift */,
				6369AD622BB36C840067E2EC /* EvidenceLabApp.swift */,
				6369AD662BB36C850067E2EC /* Assets.xcassets */,
				637239792BC56C5000F8E66E /* Arch */,
				63D770872BC1F9E200B81E83 /* Clients */,
				637239862BC56E0A00F8E66E /* Data */,
				637239842BC56DE700F8E66E /* Features */,
				637239852BC56DFF00F8E66E /* Helpers */,
				6369AD682BB36C850067E2EC /* Preview Content */,
			);
			path = EvidenceLab;
			sourceTree = "<group>";
		};
		6369AD682BB36C850067E2EC /* Preview Content */ = {
			isa = PBXGroup;
			children = (
				6369AD692BB36C850067E2EC /* Preview Assets.xcassets */,
			);
			path = "Preview Content";
			sourceTree = "<group>";
		};
		6369AD722BB36C850067E2EC /* EvidenceLabTests */ = {
			isa = PBXGroup;
			children = (
				6369AD732BB36C850067E2EC /* EvidenceLabTests.swift */,
			);
			path = EvidenceLabTests;
			sourceTree = "<group>";
		};
		6369AD7C2BB36C850067E2EC /* EvidenceLabUITests */ = {
			isa = PBXGroup;
			children = (
				6369AD7D2BB36C850067E2EC /* EvidenceLabUITests.swift */,
				6369AD7F2BB36C850067E2EC /* EvidenceLabUITestsLaunchTests.swift */,
			);
			path = EvidenceLabUITests;
			sourceTree = "<group>";
		};
		637239792BC56C5000F8E66E /* Arch */ = {
			isa = PBXGroup;
			children = (
				637239802BC56CC700F8E66E /* Effect.swift */,
				6372397E2BC56C9A00F8E66E /* Feature.swift */,
				6372397C2BC56C6B00F8E66E /* Reducer.swift */,
				6372397A2BC56C6000F8E66E /* Store.swift */,
				637239822BC56CEF00F8E66E /* Store+SwiftUI.swift */,
			);
			path = Arch;
			sourceTree = "<group>";
		};
		637239842BC56DE700F8E66E /* Features */ = {
			isa = PBXGroup;
			children = (
				637239872BC56E2100F8E66E /* Message.swift */,
				637239892BC56E7700F8E66E /* ChatDetail.swift */,
				6372398B2BC56EA900F8E66E /* ChatList.swift */,
				6372398D2BC56EC900F8E66E /* Home.swift */,
				6372398F2BC56EE700F8E66E /* Profile.swift */,
				637239912BC56F0500F8E66E /* Login.swift */,
				637239932BC56F2500F8E66E /* Root.swift */,
			);
			path = Features;
			sourceTree = "<group>";
		};
		637239852BC56DFF00F8E66E /* Helpers */ = {
			isa = PBXGroup;
			children = (
				63797ACA2BBAD57600188427 /* Helpers.swift */,
			);
			path = Helpers;
			sourceTree = "<group>";
		};
		637239862BC56E0A00F8E66E /* Data */ = {
			isa = PBXGroup;
			children = (
				63797AC82BBAD33E00188427 /* Models.swift */,
			);
			path = Data;
			sourceTree = "<group>";
		};
		63797AC32BBAD2B800188427 /* Frameworks */ = {
			isa = PBXGroup;
			children = (
			);
			name = Frameworks;
			sourceTree = "<group>";
		};
		63D770872BC1F9E200B81E83 /* Clients */ = {
			isa = PBXGroup;
			children = (
				6361D20B2BBE49C100F7866D /* AuthClient.swift */,
				63D770852BC1F79F00B81E83 /* ChatClient.swift */,
				63D770882BC2EAD900B81E83 /* DocumentClient.swift */,
				6375E6D72BB47EC2002E47F3 /* PreviewClient.swift */,
			);
			path = Clients;
			sourceTree = "<group>";
		};
/* End PBXGroup section */

/* Begin PBXNativeTarget section */
		6369AD5E2BB36C840067E2EC /* EvidenceLab */ = {
			isa = PBXNativeTarget;
			buildConfigurationList = 6369AD832BB36C850067E2EC /* Build configuration list for PBXNativeTarget "EvidenceLab" */;
			buildPhases = (
				6369AD5B2BB36C840067E2EC /* Sources */,
				6369AD5C2BB36C840067E2EC /* Frameworks */,
				6369AD5D2BB36C840067E2EC /* Resources */,
			);
			buildRules = (
			);
			dependencies = (
			);
			name = EvidenceLab;
			packageProductDependencies = (
				63797AC42BBAD2B800188427 /* CasePaths */,
			);
			productName = EvidenceLab;
			productReference = 6369AD5F2BB36C840067E2EC /* EvidenceLab.app */;
			productType = "com.apple.product-type.application";
		};
		6369AD6E2BB36C850067E2EC /* EvidenceLabTests */ = {
			isa = PBXNativeTarget;
			buildConfigurationList = 6369AD862BB36C850067E2EC /* Build configuration list for PBXNativeTarget "EvidenceLabTests" */;
			buildPhases = (
				6369AD6B2BB36C850067E2EC /* Sources */,
				6369AD6C2BB36C850067E2EC /* Frameworks */,
				6369AD6D2BB36C850067E2EC /* Resources */,
			);
			buildRules = (
			);
			dependencies = (
				6369AD712BB36C850067E2EC /* PBXTargetDependency */,
			);
			name = EvidenceLabTests;
			productName = EvidenceLabTests;
			productReference = 6369AD6F2BB36C850067E2EC /* EvidenceLabTests.xctest */;
			productType = "com.apple.product-type.bundle.unit-test";
		};
		6369AD782BB36C850067E2EC /* EvidenceLabUITests */ = {
			isa = PBXNativeTarget;
			buildConfigurationList = 6369AD892BB36C850067E2EC /* Build configuration list for PBXNativeTarget "EvidenceLabUITests" */;
			buildPhases = (
				6369AD752BB36C850067E2EC /* Sources */,
				6369AD762BB36C850067E2EC /* Frameworks */,
				6369AD772BB36C850067E2EC /* Resources */,
			);
			buildRules = (
			);
			dependencies = (
				6369AD7B2BB36C850067E2EC /* PBXTargetDependency */,
			);
			name = EvidenceLabUITests;
			productName = EvidenceLabUITests;
			productReference = 6369AD792BB36C850067E2EC /* EvidenceLabUITests.xctest */;
			productType = "com.apple.product-type.bundle.ui-testing";
		};
/* End PBXNativeTarget section */

/* Begin PBXProject section */
		6369AD572BB36C840067E2EC /* Project object */ = {
			isa = PBXProject;
			attributes = {
				BuildIndependentTargetsInParallel = 1;
				LastSwiftUpdateCheck = 1530;
				LastUpgradeCheck = 1530;
				TargetAttributes = {
					6369AD5E2BB36C840067E2EC = {
						CreatedOnToolsVersion = 15.3;
					};
					6369AD6E2BB36C850067E2EC = {
						CreatedOnToolsVersion = 15.3;
						TestTargetID = 6369AD5E2BB36C840067E2EC;
					};
					6369AD782BB36C850067E2EC = {
						CreatedOnToolsVersion = 15.3;
						TestTargetID = 6369AD5E2BB36C840067E2EC;
					};
				};
			};
			buildConfigurationList = 6369AD5A2BB36C840067E2EC /* Build configuration list for PBXProject "EvidenceLab" */;
			compatibilityVersion = "Xcode 14.0";
			developmentRegion = en;
			hasScannedForEncodings = 0;
			knownRegions = (
				en,
				Base,
			);
			mainGroup = 6369AD562BB36C840067E2EC;
			packageReferences = (
				63F50B362BB8CA4400CEA1F1 /* XCRemoteSwiftPackageReference "swift-case-paths" */,
				63C547132BBAD0C60098689D /* XCRemoteSwiftPackageReference "swift-composable-architecture" */,
			);
			productRefGroup = 6369AD602BB36C840067E2EC /* Products */;
			projectDirPath = "";
			projectRoot = "";
			targets = (
				6369AD5E2BB36C840067E2EC /* EvidenceLab */,
				6369AD6E2BB36C850067E2EC /* EvidenceLabTests */,
				6369AD782BB36C850067E2EC /* EvidenceLabUITests */,
			);
		};
/* End PBXProject section */

/* Begin PBXResourcesBuildPhase section */
		6369AD5D2BB36C840067E2EC /* Resources */ = {
			isa = PBXResourcesBuildPhase;
			buildActionMask = 2147483647;
			files = (
				6369AD6A2BB36C850067E2EC /* Preview Assets.xcassets in Resources */,
				6369AD672BB36C850067E2EC /* Assets.xcassets in Resources */,
			);
			runOnlyForDeploymentPostprocessing = 0;
		};
		6369AD6D2BB36C850067E2EC /* Resources */ = {
			isa = PBXResourcesBuildPhase;
			buildActionMask = 2147483647;
			files = (
			);
			runOnlyForDeploymentPostprocessing = 0;
		};
		6369AD772BB36C850067E2EC /* Resources */ = {
			isa = PBXResourcesBuildPhase;
			buildActionMask = 2147483647;
			files = (
			);
			runOnlyForDeploymentPostprocessing = 0;
		};
/* End PBXResourcesBuildPhase section */

/* Begin PBXSourcesBuildPhase section */
		6369AD5B2BB36C840067E2EC /* Sources */ = {
			isa = PBXSourcesBuildPhase;
			buildActionMask = 2147483647;
			files = (
				637239812BC56CC700F8E66E /* Effect.swift in Sources */,
				6361D20C2BBE49C100F7866D /* AuthClient.swift in Sources */,
				63D770892BC2EAD900B81E83 /* DocumentClient.swift in Sources */,
				6369AD652BB36C840067E2EC /* ContentView.swift in Sources */,
				6372398A2BC56E7700F8E66E /* ChatDetail.swift in Sources */,
				6372398C2BC56EA900F8E66E /* ChatList.swift in Sources */,
				6372398E2BC56EC900F8E66E /* Home.swift in Sources */,
				637239902BC56EE700F8E66E /* Profile.swift in Sources */,
				6372397B2BC56C6000F8E66E /* Store.swift in Sources */,
				637239942BC56F2500F8E66E /* Root.swift in Sources */,
				63797ACB2BBAD57600188427 /* Helpers.swift in Sources */,
				6372397F2BC56C9A00F8E66E /* Feature.swift in Sources */,
				6369AD632BB36C840067E2EC /* EvidenceLabApp.swift in Sources */,
				6375E6D82BB47EC2002E47F3 /* PreviewClient.swift in Sources */,
				637239922BC56F0500F8E66E /* Login.swift in Sources */,
				63D770862BC1F79F00B81E83 /* ChatClient.swift in Sources */,
				637239832BC56CEF00F8E66E /* Store+SwiftUI.swift in Sources */,
				6372397D2BC56C6B00F8E66E /* Reducer.swift in Sources */,
				63797AC92BBAD33E00188427 /* Models.swift in Sources */,
				637239882BC56E2100F8E66E /* Message.swift in Sources */,
			);
			runOnlyForDeploymentPostprocessing = 0;
		};
		6369AD6B2BB36C850067E2EC /* Sources */ = {
			isa = PBXSourcesBuildPhase;
			buildActionMask = 2147483647;
			files = (
				6369AD742BB36C850067E2EC /* EvidenceLabTests.swift in Sources */,
			);
			runOnlyForDeploymentPostprocessing = 0;
		};
		6369AD752BB36C850067E2EC /* Sources */ = {
			isa = PBXSourcesBuildPhase;
			buildActionMask = 2147483647;
			files = (
				6369AD7E2BB36C850067E2EC /* EvidenceLabUITests.swift in Sources */,
				6369AD802BB36C850067E2EC /* EvidenceLabUITestsLaunchTests.swift in Sources */,
			);
			runOnlyForDeploymentPostprocessing = 0;
		};
/* End PBXSourcesBuildPhase section */

/* Begin PBXTargetDependency section */
		6369AD712BB36C850067E2EC /* PBXTargetDependency */ = {
			isa = PBXTargetDependency;
			target = 6369AD5E2BB36C840067E2EC /* EvidenceLab */;
			targetProxy = 6369AD702BB36C850067E2EC /* PBXContainerItemProxy */;
		};
		6369AD7B2BB36C850067E2EC /* PBXTargetDependency */ = {
			isa = PBXTargetDependency;
			target = 6369AD5E2BB36C840067E2EC /* EvidenceLab */;
			targetProxy = 6369AD7A2BB36C850067E2EC /* PBXContainerItemProxy */;
		};
/* End PBXTargetDependency section */

/* Begin XCBuildConfiguration section */
		6369AD812BB36C850067E2EC /* Debug */ = {
			isa = XCBuildConfiguration;
			buildSettings = {
				ALWAYS_SEARCH_USER_PATHS = NO;
				ASSETCATALOG_COMPILER_GENERATE_SWIFT_ASSET_SYMBOL_EXTENSIONS = YES;
				CLANG_ANALYZER_NONNULL = YES;
				CLANG_ANALYZER_NUMBER_OBJECT_CONVERSION = YES_AGGRESSIVE;
				CLANG_CXX_LANGUAGE_STANDARD = "gnu++20";
				CLANG_ENABLE_MODULES = YES;
				CLANG_ENABLE_OBJC_ARC = YES;
				CLANG_ENABLE_OBJC_WEAK = YES;
				CLANG_WARN_BLOCK_CAPTURE_AUTORELEASING = YES;
				CLANG_WARN_BOOL_CONVERSION = YES;
				CLANG_WARN_COMMA = YES;
				CLANG_WARN_CONSTANT_CONVERSION = YES;
				CLANG_WARN_DEPRECATED_OBJC_IMPLEMENTATIONS = YES;
				CLANG_WARN_DIRECT_OBJC_ISA_USAGE = YES_ERROR;
				CLANG_WARN_DOCUMENTATION_COMMENTS = YES;
				CLANG_WARN_EMPTY_BODY = YES;
				CLANG_WARN_ENUM_CONVERSION = YES;
				CLANG_WARN_INFINITE_RECURSION = YES;
				CLANG_WARN_INT_CONVERSION = YES;
				CLANG_WARN_NON_LITERAL_NULL_CONVERSION = YES;
				CLANG_WARN_OBJC_IMPLICIT_RETAIN_SELF = YES;
				CLANG_WARN_OBJC_LITERAL_CONVERSION = YES;
				CLANG_WARN_OBJC_ROOT_CLASS = YES_ERROR;
				CLANG_WARN_QUOTED_INCLUDE_IN_FRAMEWORK_HEADER = YES;
				CLANG_WARN_RANGE_LOOP_ANALYSIS = YES;
				CLANG_WARN_STRICT_PROTOTYPES = YES;
				CLANG_WARN_SUSPICIOUS_MOVE = YES;
				CLANG_WARN_UNGUARDED_AVAILABILITY = YES_AGGRESSIVE;
				CLANG_WARN_UNREACHABLE_CODE = YES;
				CLANG_WARN__DUPLICATE_METHOD_MATCH = YES;
				COPY_PHASE_STRIP = NO;
				DEBUG_INFORMATION_FORMAT = dwarf;
				ENABLE_STRICT_OBJC_MSGSEND = YES;
				ENABLE_TESTABILITY = YES;
				ENABLE_USER_SCRIPT_SANDBOXING = YES;
				GCC_C_LANGUAGE_STANDARD = gnu17;
				GCC_DYNAMIC_NO_PIC = NO;
				GCC_NO_COMMON_BLOCKS = YES;
				GCC_OPTIMIZATION_LEVEL = 0;
				GCC_PREPROCESSOR_DEFINITIONS = (
					"DEBUG=1",
					"$(inherited)",
				);
				GCC_WARN_64_TO_32_BIT_CONVERSION = YES;
				GCC_WARN_ABOUT_RETURN_TYPE = YES_ERROR;
				GCC_WARN_UNDECLARED_SELECTOR = YES;
				GCC_WARN_UNINITIALIZED_AUTOS = YES_AGGRESSIVE;
				GCC_WARN_UNUSED_FUNCTION = YES;
				GCC_WARN_UNUSED_VARIABLE = YES;
				IPHONEOS_DEPLOYMENT_TARGET = 17.4;
				LOCALIZATION_PREFERS_STRING_CATALOGS = YES;
				MTL_ENABLE_DEBUG_INFO = INCLUDE_SOURCE;
				MTL_FAST_MATH = YES;
				ONLY_ACTIVE_ARCH = YES;
				SDKROOT = iphoneos;
				SWIFT_ACTIVE_COMPILATION_CONDITIONS = "DEBUG $(inherited)";
				SWIFT_OPTIMIZATION_LEVEL = "-Onone";
			};
			name = Debug;
		};
		6369AD822BB36C850067E2EC /* Release */ = {
			isa = XCBuildConfiguration;
			buildSettings = {
				ALWAYS_SEARCH_USER_PATHS = NO;
				ASSETCATALOG_COMPILER_GENERATE_SWIFT_ASSET_SYMBOL_EXTENSIONS = YES;
				CLANG_ANALYZER_NONNULL = YES;
				CLANG_ANALYZER_NUMBER_OBJECT_CONVERSION = YES_AGGRESSIVE;
				CLANG_CXX_LANGUAGE_STANDARD = "gnu++20";
				CLANG_ENABLE_MODULES = YES;
				CLANG_ENABLE_OBJC_ARC = YES;
				CLANG_ENABLE_OBJC_WEAK = YES;
				CLANG_WARN_BLOCK_CAPTURE_AUTORELEASING = YES;
				CLANG_WARN_BOOL_CONVERSION = YES;
				CLANG_WARN_COMMA = YES;
				CLANG_WARN_CONSTANT_CONVERSION = YES;
				CLANG_WARN_DEPRECATED_OBJC_IMPLEMENTATIONS = YES;
				CLANG_WARN_DIRECT_OBJC_ISA_USAGE = YES_ERROR;
				CLANG_WARN_DOCUMENTATION_COMMENTS = YES;
				CLANG_WARN_EMPTY_BODY = YES;
				CLANG_WARN_ENUM_CONVERSION = YES;
				CLANG_WARN_INFINITE_RECURSION = YES;
				CLANG_WARN_INT_CONVERSION = YES;
				CLANG_WARN_NON_LITERAL_NULL_CONVERSION = YES;
				CLANG_WARN_OBJC_IMPLICIT_RETAIN_SELF = YES;
				CLANG_WARN_OBJC_LITERAL_CONVERSION = YES;
				CLANG_WARN_OBJC_ROOT_CLASS = YES_ERROR;
				CLANG_WARN_QUOTED_INCLUDE_IN_FRAMEWORK_HEADER = YES;
				CLANG_WARN_RANGE_LOOP_ANALYSIS = YES;
				CLANG_WARN_STRICT_PROTOTYPES = YES;
				CLANG_WARN_SUSPICIOUS_MOVE = YES;
				CLANG_WARN_UNGUARDED_AVAILABILITY = YES_AGGRESSIVE;
				CLANG_WARN_UNREACHABLE_CODE = YES;
				CLANG_WARN__DUPLICATE_METHOD_MATCH = YES;
				COPY_PHASE_STRIP = NO;
				DEBUG_INFORMATION_FORMAT = "dwarf-with-dsym";
				ENABLE_NS_ASSERTIONS = NO;
				ENABLE_STRICT_OBJC_MSGSEND = YES;
				ENABLE_USER_SCRIPT_SANDBOXING = YES;
				GCC_C_LANGUAGE_STANDARD = gnu17;
				GCC_NO_COMMON_BLOCKS = YES;
				GCC_WARN_64_TO_32_BIT_CONVERSION = YES;
				GCC_WARN_ABOUT_RETURN_TYPE = YES_ERROR;
				GCC_WARN_UNDECLARED_SELECTOR = YES;
				GCC_WARN_UNINITIALIZED_AUTOS = YES_AGGRESSIVE;
				GCC_WARN_UNUSED_FUNCTION = YES;
				GCC_WARN_UNUSED_VARIABLE = YES;
				IPHONEOS_DEPLOYMENT_TARGET = 17.4;
				LOCALIZATION_PREFERS_STRING_CATALOGS = YES;
				MTL_ENABLE_DEBUG_INFO = NO;
				MTL_FAST_MATH = YES;
				SDKROOT = iphoneos;
				SWIFT_COMPILATION_MODE = wholemodule;
				VALIDATE_PRODUCT = YES;
			};
			name = Release;
		};
		6369AD842BB36C850067E2EC /* Debug */ = {
			isa = XCBuildConfiguration;
			buildSettings = {
				ASSETCATALOG_COMPILER_APPICON_NAME = AppIcon;
				ASSETCATALOG_COMPILER_GLOBAL_ACCENT_COLOR_NAME = AccentColor;
				CODE_SIGN_STYLE = Automatic;
				CURRENT_PROJECT_VERSION = 1;
				DEVELOPMENT_ASSET_PATHS = "\"EvidenceLab/Preview Content\"";
				DEVELOPMENT_TEAM = G3TQDRB2GQ;
				ENABLE_PREVIEWS = YES;
				GENERATE_INFOPLIST_FILE = YES;
				INFOPLIST_KEY_UIApplicationSceneManifest_Generation = YES;
				INFOPLIST_KEY_UIApplicationSupportsIndirectInputEvents = YES;
				INFOPLIST_KEY_UILaunchScreen_Generation = YES;
				INFOPLIST_KEY_UISupportedInterfaceOrientations_iPad = "UIInterfaceOrientationPortrait UIInterfaceOrientationPortraitUpsideDown UIInterfaceOrientationLandscapeLeft UIInterfaceOrientationLandscapeRight";
				INFOPLIST_KEY_UISupportedInterfaceOrientations_iPhone = "UIInterfaceOrientationPortrait UIInterfaceOrientationLandscapeLeft UIInterfaceOrientationLandscapeRight";
				LD_RUNPATH_SEARCH_PATHS = (
					"$(inherited)",
					"@executable_path/Frameworks",
				);
				MARKETING_VERSION = 1.0;
				PRODUCT_BUNDLE_IDENTIFIER = evidence.EvidenceLab;
				PRODUCT_NAME = "$(TARGET_NAME)";
				SWIFT_EMIT_LOC_STRINGS = YES;
				SWIFT_VERSION = 5.0;
				TARGETED_DEVICE_FAMILY = "1,2";
			};
			name = Debug;
		};
		6369AD852BB36C850067E2EC /* Release */ = {
			isa = XCBuildConfiguration;
			buildSettings = {
				ASSETCATALOG_COMPILER_APPICON_NAME = AppIcon;
				ASSETCATALOG_COMPILER_GLOBAL_ACCENT_COLOR_NAME = AccentColor;
				CODE_SIGN_STYLE = Automatic;
				CURRENT_PROJECT_VERSION = 1;
				DEVELOPMENT_ASSET_PATHS = "\"EvidenceLab/Preview Content\"";
				DEVELOPMENT_TEAM = G3TQDRB2GQ;
				ENABLE_PREVIEWS = YES;
				GENERATE_INFOPLIST_FILE = YES;
				INFOPLIST_KEY_UIApplicationSceneManifest_Generation = YES;
				INFOPLIST_KEY_UIApplicationSupportsIndirectInputEvents = YES;
				INFOPLIST_KEY_UILaunchScreen_Generation = YES;
				INFOPLIST_KEY_UISupportedInterfaceOrientations_iPad = "UIInterfaceOrientationPortrait UIInterfaceOrientationPortraitUpsideDown UIInterfaceOrientationLandscapeLeft UIInterfaceOrientationLandscapeRight";
				INFOPLIST_KEY_UISupportedInterfaceOrientations_iPhone = "UIInterfaceOrientationPortrait UIInterfaceOrientationLandscapeLeft UIInterfaceOrientationLandscapeRight";
				LD_RUNPATH_SEARCH_PATHS = (
					"$(inherited)",
					"@executable_path/Frameworks",
				);
				MARKETING_VERSION = 1.0;
				PRODUCT_BUNDLE_IDENTIFIER = evidence.EvidenceLab;
				PRODUCT_NAME = "$(TARGET_NAME)";
				SWIFT_EMIT_LOC_STRINGS = YES;
				SWIFT_VERSION = 5.0;
				TARGETED_DEVICE_FAMILY = "1,2";
			};
			name = Release;
		};
		6369AD872BB36C850067E2EC /* Debug */ = {
			isa = XCBuildConfiguration;
			buildSettings = {
				ALWAYS_EMBED_SWIFT_STANDARD_LIBRARIES = YES;
				BUNDLE_LOADER = "$(TEST_HOST)";
				CODE_SIGN_STYLE = Automatic;
				CURRENT_PROJECT_VERSION = 1;
				DEVELOPMENT_TEAM = G3TQDRB2GQ;
				GENERATE_INFOPLIST_FILE = YES;
				IPHONEOS_DEPLOYMENT_TARGET = 17.4;
				MARKETING_VERSION = 1.0;
				PRODUCT_BUNDLE_IDENTIFIER = evidence.EvidenceLabTests;
				PRODUCT_NAME = "$(TARGET_NAME)";
				SWIFT_EMIT_LOC_STRINGS = NO;
				SWIFT_VERSION = 5.0;
				TARGETED_DEVICE_FAMILY = "1,2";
				TEST_HOST = "$(BUILT_PRODUCTS_DIR)/EvidenceLab.app/$(BUNDLE_EXECUTABLE_FOLDER_PATH)/EvidenceLab";
			};
			name = Debug;
		};
		6369AD882BB36C850067E2EC /* Release */ = {
			isa = XCBuildConfiguration;
			buildSettings = {
				ALWAYS_EMBED_SWIFT_STANDARD_LIBRARIES = YES;
				BUNDLE_LOADER = "$(TEST_HOST)";
				CODE_SIGN_STYLE = Automatic;
				CURRENT_PROJECT_VERSION = 1;
				DEVELOPMENT_TEAM = G3TQDRB2GQ;
				GENERATE_INFOPLIST_FILE = YES;
				IPHONEOS_DEPLOYMENT_TARGET = 17.4;
				MARKETING_VERSION = 1.0;
				PRODUCT_BUNDLE_IDENTIFIER = evidence.EvidenceLabTests;
				PRODUCT_NAME = "$(TARGET_NAME)";
				SWIFT_EMIT_LOC_STRINGS = NO;
				SWIFT_VERSION = 5.0;
				TARGETED_DEVICE_FAMILY = "1,2";
				TEST_HOST = "$(BUILT_PRODUCTS_DIR)/EvidenceLab.app/$(BUNDLE_EXECUTABLE_FOLDER_PATH)/EvidenceLab";
			};
			name = Release;
		};
		6369AD8A2BB36C850067E2EC /* Debug */ = {
			isa = XCBuildConfiguration;
			buildSettings = {
				ALWAYS_EMBED_SWIFT_STANDARD_LIBRARIES = YES;
				CODE_SIGN_STYLE = Automatic;
				CURRENT_PROJECT_VERSION = 1;
				DEVELOPMENT_TEAM = G3TQDRB2GQ;
				GENERATE_INFOPLIST_FILE = YES;
				MARKETING_VERSION = 1.0;
				PRODUCT_BUNDLE_IDENTIFIER = evidence.EvidenceLabUITests;
				PRODUCT_NAME = "$(TARGET_NAME)";
				SWIFT_EMIT_LOC_STRINGS = NO;
				SWIFT_VERSION = 5.0;
				TARGETED_DEVICE_FAMILY = "1,2";
				TEST_TARGET_NAME = EvidenceLab;
			};
			name = Debug;
		};
		6369AD8B2BB36C850067E2EC /* Release */ = {
			isa = XCBuildConfiguration;
			buildSettings = {
				ALWAYS_EMBED_SWIFT_STANDARD_LIBRARIES = YES;
				CODE_SIGN_STYLE = Automatic;
				CURRENT_PROJECT_VERSION = 1;
				DEVELOPMENT_TEAM = G3TQDRB2GQ;
				GENERATE_INFOPLIST_FILE = YES;
				MARKETING_VERSION = 1.0;
				PRODUCT_BUNDLE_IDENTIFIER = evidence.EvidenceLabUITests;
				PRODUCT_NAME = "$(TARGET_NAME)";
				SWIFT_EMIT_LOC_STRINGS = NO;
				SWIFT_VERSION = 5.0;
				TARGETED_DEVICE_FAMILY = "1,2";
				TEST_TARGET_NAME = EvidenceLab;
			};
			name = Release;
		};
/* End XCBuildConfiguration section */

/* Begin XCConfigurationList section */
		6369AD5A2BB36C840067E2EC /* Build configuration list for PBXProject "EvidenceLab" */ = {
			isa = XCConfigurationList;
			buildConfigurations = (
				6369AD812BB36C850067E2EC /* Debug */,
				6369AD822BB36C850067E2EC /* Release */,
			);
			defaultConfigurationIsVisible = 0;
			defaultConfigurationName = Release;
		};
		6369AD832BB36C850067E2EC /* Build configuration list for PBXNativeTarget "EvidenceLab" */ = {
			isa = XCConfigurationList;
			buildConfigurations = (
				6369AD842BB36C850067E2EC /* Debug */,
				6369AD852BB36C850067E2EC /* Release */,
			);
			defaultConfigurationIsVisible = 0;
			defaultConfigurationName = Release;
		};
		6369AD862BB36C850067E2EC /* Build configuration list for PBXNativeTarget "EvidenceLabTests" */ = {
			isa = XCConfigurationList;
			buildConfigurations = (
				6369AD872BB36C850067E2EC /* Debug */,
				6369AD882BB36C850067E2EC /* Release */,
			);
			defaultConfigurationIsVisible = 0;
			defaultConfigurationName = Release;
		};
		6369AD892BB36C850067E2EC /* Build configuration list for PBXNativeTarget "EvidenceLabUITests" */ = {
			isa = XCConfigurationList;
			buildConfigurations = (
				6369AD8A2BB36C850067E2EC /* Debug */,
				6369AD8B2BB36C850067E2EC /* Release */,
			);
			defaultConfigurationIsVisible = 0;
			defaultConfigurationName = Release;
		};
/* End XCConfigurationList section */

/* Begin XCRemoteSwiftPackageReference section */
		63C547132BBAD0C60098689D /* XCRemoteSwiftPackageReference "swift-composable-architecture" */ = {
			isa = XCRemoteSwiftPackageReference;
			repositoryURL = "https://github.com/pointfreeco/swift-composable-architecture";
			requirement = {
				kind = upToNextMajorVersion;
				minimumVersion = 1.9.2;
			};
		};
		63F50B362BB8CA4400CEA1F1 /* XCRemoteSwiftPackageReference "swift-case-paths" */ = {
			isa = XCRemoteSwiftPackageReference;
			repositoryURL = "https://github.com/pointfreeco/swift-case-paths";
			requirement = {
				kind = upToNextMajorVersion;
				minimumVersion = 1.3.0;
			};
		};
/* End XCRemoteSwiftPackageReference section */

/* Begin XCSwiftPackageProductDependency section */
		63797AC42BBAD2B800188427 /* CasePaths */ = {
			isa = XCSwiftPackageProductDependency;
			package = 63F50B362BB8CA4400CEA1F1 /* XCRemoteSwiftPackageReference "swift-case-paths" */;
			productName = CasePaths;
		};
/* End XCSwiftPackageProductDependency section */
	};
	rootObject = 6369AD572BB36C840067E2EC /* Project object */;
}
